
Microsoft Visual Studio Solution File, Format Version 12.00
# Visual Studio Version 16
VisualStudioVersion = 16.0.34114.132
MinimumVisualStudioVersion = 10.0.40219.1
Project("{FAE04EC0-301F-11D3-BF4B-00C04F79EFBC}") = "SalesWebMVC", "SalesWebMVC\SalesWebMVC.csproj", "{1B4BFC60-3B37-4B33-A17F-33AC9F8C352F}"
EndProject
Global
	GlobalSection(SolutionConfigurationPlatforms) = preSolution
		Debug|Any CPU = Debug|Any CPU
		Release|Any CPU = Release|Any CPU
	EndGlobalSection
	GlobalSection(ProjectConfigurationPlatforms) = postSolution
		{1B4BFC60-3B37-4B33-A17F-33AC9F8C352F}.Debug|Any CPU.ActiveCfg = Debug|Any CPU
		{1B4BFC60-3B37-4B33-A17F-33AC9F8C352F}.Debug|Any CPU.Build.0 = Debug|Any CPU
		{1B4BFC60-3B37-4B33-A17F-33AC9F8C352F}.Release|Any CPU.ActiveCfg = Release|Any CPU
		{1B4BFC60-3B37-4B33-A17F-33AC9F8C352F}.Release|Any CPU.Build.0 = Release|Any CPU
	EndGlobalSection
	GlobalSection(SolutionProperties) = preSolution
		HideSolutionNode = FALSE
	EndGlobalSection
	GlobalSection(ExtensibilityGlobals) = postSolution
		SolutionGuid = {3CB99C73-DF49-4321-B19F-C1BB6D355D96}
	EndGlobalSection
EndGlobal
